# This file is automatically @generated by Poetry 1.8.2 and should not be changed by hand.

[[package]]
name = "aiosmtpd"
version = "1.4.6"
description = "aiosmtpd - asyncio based SMTP server"
optional = false
python-versions = ">=3.8"
files = [
    {file = "aiosmtpd-1.4.6-py3-none-any.whl", hash = "sha256:72c99179ba5aa9ae0abbda6994668239b64a5ce054471955fe75f581d2592475"},
    {file = "aiosmtpd-1.4.6.tar.gz", hash = "sha256:5a811826e1a5a06c25ebc3e6c4a704613eb9a1bcf6b78428fbe865f4f6c9a4b8"},
]

[package.dependencies]
atpublic = "*"
attrs = "*"

[[package]]
name = "atpublic"
version = "4.0"
description = "Keep all y'all's __all__'s in sync"
optional = false
python-versions = ">=3.8"
files = [
    {file = "atpublic-4.0-py3-none-any.whl", hash = "sha256:80057c55641253b86dcb68b524f82328172371b6547d4c7462a9127fbfbbabfc"},
    {file = "atpublic-4.0.tar.gz", hash = "sha256:0f40433219e124edf115c6c363808ca6f0e1cfa7d160d86b2fb94793086d1294"},
]

[[package]]
name = "attrs"
version = "23.2.0"
description = "Classes Without Boilerplate"
optional = false
python-versions = ">=3.7"
files = [
    {file = "attrs-23.2.0-py3-none-any.whl", hash = "sha256:99b87a485a5820b23b879f04c2305b44b951b502fd64be915879d77a7e8fc6f1"},
    {file = "attrs-23.2.0.tar.gz", hash = "sha256:935dc3b529c262f6cf76e50877d35a4bd3c1de194fd41f47a2b7ae8f19971f30"},
]

[package.extras]
cov = ["attrs[tests]", "coverage[toml] (>=5.3)"]
dev = ["attrs[tests]", "pre-commit"]
docs = ["furo", "myst-parser", "sphinx", "sphinx-notfound-page", "sphinxcontrib-towncrier", "towncrier", "zope-interface"]
tests = ["attrs[tests-no-zope]", "zope-interface"]
tests-mypy = ["mypy (>=1.6)", "pytest-mypy-plugins"]
tests-no-zope = ["attrs[tests-mypy]", "cloudpickle", "hypothesis", "pympler", "pytest (>=4.3.0)", "pytest-xdist[psutil]"]

[metadata]
lock-version = "2.0"
python-versions = "^3.10"
content-hash = "7a0fda21bd9671598dcee63bcc979713313cdbb41faae025d2bf32c5220a2d50"
